// !$*UTF8*$!
{
	archiveVersion = 1;
	classes = {
	};
	objectVersion = 46;
	objects = {

/* Begin PBXBuildFile section */
		1D6266881A99418700882D81 /* main.m in Sources */ = {isa = PBXBuildFile; fileRef = 1D6266871A99418700882D81 /* main.m */; };
		1D62668B1A99418700882D81 /* AppDelegate.m in Sources */ = {isa = PBXBuildFile; fileRef = 1D62668A1A99418700882D81 /* AppDelegate.m */; };
		1D62668E1A99418700882D81 /* NowAndThen.xcdatamodeld in Sources */ = {isa = PBXBuildFile; fileRef = 1D62668C1A99418700882D81 /* NowAndThen.xcdatamodeld */; };
		1D6266941A99418700882D81 /* Main.storyboard in Resources */ = {isa = PBXBuildFile; fileRef = 1D6266921A99418700882D81 /* Main.storyboard */; };
		1D6266961A99418700882D81 /* Images.xcassets in Resources */ = {isa = PBXBuildFile; fileRef = 1D6266951A99418700882D81 /* Images.xcassets */; };
		1D6266991A99418700882D81 /* LaunchScreen.xib in Resources */ = {isa = PBXBuildFile; fileRef = 1D6266971A99418700882D81 /* LaunchScreen.xib */; };
		1D6266A51A99418700882D81 /* NowAndThenTests.m in Sources */ = {isa = PBXBuildFile; fileRef = 1D6266A41A99418700882D81 /* NowAndThenTests.m */; };
		1D6266AF1A99419400882D81 /* .gitignore in Resources */ = {isa = PBXBuildFile; fileRef = 1D6266AE1A99419400882D81 /* .gitignore */; };
		1D6266B51A9944A400882D81 /* BuildingViewController.m in Sources */ = {isa = PBXBuildFile; fileRef = 1D6266B41A9944A400882D81 /* BuildingViewController.m */; };
		1D6266B81A9944B900882D81 /* MapViewController.m in Sources */ = {isa = PBXBuildFile; fileRef = 1D6266B71A9944B900882D81 /* MapViewController.m */; };
		1D6266BB1A9944CC00882D81 /* SkylineViewController.m in Sources */ = {isa = PBXBuildFile; fileRef = 1D6266BA1A9944CC00882D81 /* SkylineViewController.m */; };
		1D6266BE1A99452B00882D81 /* NetworkController.m in Sources */ = {isa = PBXBuildFile; fileRef = 1D6266BD1A99452B00882D81 /* NetworkController.m */; };
		1D6266C11A99523500882D81 /* MapKit.framework in Frameworks */ = {isa = PBXBuildFile; fileRef = 1D6266C01A99523500882D81 /* MapKit.framework */; };
		1D6266C71A9AEA4100882D81 /* MenuViewController.m in Sources */ = {isa = PBXBuildFile; fileRef = 1D6266C61A9AEA4100882D81 /* MenuViewController.m */; };
		740A93151A9A94E200ACBA12 /* Building.m in Sources */ = {isa = PBXBuildFile; fileRef = 740A93141A9A94E200ACBA12 /* Building.m */; };
		745CDA541A9BBB62000846EA /* singleBuildingData.json in Sources */ = {isa = PBXBuildFile; fileRef = 745CDA531A9BBB62000846EA /* singleBuildingData.json */; };
		745CDA571A9BE11E000846EA /* singleBuildingData.dictionary in Resources */ = {isa = PBXBuildFile; fileRef = 745CDA561A9BE11E000846EA /* singleBuildingData.dictionary */; };
		745CDA5A1A9C2C3E000846EA /* simple.json in Resources */ = {isa = PBXBuildFile; fileRef = 745CDA591A9C2C3D000846EA /* simple.json */; };
		745CDA5D1A9C313D000846EA /* simpleBuilding.json in Resources */ = {isa = PBXBuildFile; fileRef = 745CDA5C1A9C313D000846EA /* simpleBuilding.json */; };
		745CDA601A9CE60A000846EA /* simple01.json in Resources */ = {isa = PBXBuildFile; fileRef = 745CDA5F1A9CE60A000846EA /* simple01.json */; };
		1D6266CA1A9BAC3E00882D81 /* InfoViewController.m in Sources */ = {isa = PBXBuildFile; fileRef = 1D6266C91A9BAC3E00882D81 /* InfoViewController.m */; };
/* End PBXBuildFile section */

/* Begin PBXContainerItemProxy section */
		1D62669F1A99418700882D81 /* PBXContainerItemProxy */ = {
			isa = PBXContainerItemProxy;
			containerPortal = 1D62667A1A99418700882D81 /* Project object */;
			proxyType = 1;
			remoteGlobalIDString = 1D6266811A99418700882D81;
			remoteInfo = NowAndThen;
		};
/* End PBXContainerItemProxy section */

/* Begin PBXFileReference section */
		1D6266821A99418700882D81 /* NowAndThen.app */ = {isa = PBXFileReference; explicitFileType = wrapper.application; includeInIndex = 0; path = NowAndThen.app; sourceTree = BUILT_PRODUCTS_DIR; };
		1D6266861A99418700882D81 /* Info.plist */ = {isa = PBXFileReference; lastKnownFileType = text.plist.xml; path = Info.plist; sourceTree = "<group>"; };
		1D6266871A99418700882D81 /* main.m */ = {isa = PBXFileReference; lastKnownFileType = sourcecode.c.objc; path = main.m; sourceTree = "<group>"; };
		1D6266891A99418700882D81 /* AppDelegate.h */ = {isa = PBXFileReference; lastKnownFileType = sourcecode.c.h; path = AppDelegate.h; sourceTree = "<group>"; };
		1D62668A1A99418700882D81 /* AppDelegate.m */ = {isa = PBXFileReference; lastKnownFileType = sourcecode.c.objc; path = AppDelegate.m; sourceTree = "<group>"; };
		1D62668D1A99418700882D81 /* NowAndThen.xcdatamodel */ = {isa = PBXFileReference; lastKnownFileType = wrapper.xcdatamodel; path = NowAndThen.xcdatamodel; sourceTree = "<group>"; };
		1D6266931A99418700882D81 /* Base */ = {isa = PBXFileReference; lastKnownFileType = file.storyboard; name = Base; path = Base.lproj/Main.storyboard; sourceTree = "<group>"; };
		1D6266951A99418700882D81 /* Images.xcassets */ = {isa = PBXFileReference; lastKnownFileType = folder.assetcatalog; path = Images.xcassets; sourceTree = "<group>"; };
		1D6266981A99418700882D81 /* Base */ = {isa = PBXFileReference; lastKnownFileType = file.xib; name = Base; path = Base.lproj/LaunchScreen.xib; sourceTree = "<group>"; };
		1D62669E1A99418700882D81 /* NowAndThenTests.xctest */ = {isa = PBXFileReference; explicitFileType = wrapper.cfbundle; includeInIndex = 0; path = NowAndThenTests.xctest; sourceTree = BUILT_PRODUCTS_DIR; };
		1D6266A31A99418700882D81 /* Info.plist */ = {isa = PBXFileReference; lastKnownFileType = text.plist.xml; path = Info.plist; sourceTree = "<group>"; };
		1D6266A41A99418700882D81 /* NowAndThenTests.m */ = {isa = PBXFileReference; lastKnownFileType = sourcecode.c.objc; path = NowAndThenTests.m; sourceTree = "<group>"; };
		1D6266AE1A99419400882D81 /* .gitignore */ = {isa = PBXFileReference; fileEncoding = 4; lastKnownFileType = text; path = .gitignore; sourceTree = "<group>"; };
		1D6266B31A9944A400882D81 /* BuildingViewController.h */ = {isa = PBXFileReference; fileEncoding = 4; lastKnownFileType = sourcecode.c.h; path = BuildingViewController.h; sourceTree = "<group>"; };
		1D6266B41A9944A400882D81 /* BuildingViewController.m */ = {isa = PBXFileReference; fileEncoding = 4; lastKnownFileType = sourcecode.c.objc; path = BuildingViewController.m; sourceTree = "<group>"; };
		1D6266B61A9944B900882D81 /* MapViewController.h */ = {isa = PBXFileReference; fileEncoding = 4; lastKnownFileType = sourcecode.c.h; path = MapViewController.h; sourceTree = "<group>"; };
		1D6266B71A9944B900882D81 /* MapViewController.m */ = {isa = PBXFileReference; fileEncoding = 4; lastKnownFileType = sourcecode.c.objc; path = MapViewController.m; sourceTree = "<group>"; };
		1D6266B91A9944CC00882D81 /* SkylineViewController.h */ = {isa = PBXFileReference; fileEncoding = 4; lastKnownFileType = sourcecode.c.h; path = SkylineViewController.h; sourceTree = "<group>"; };
		1D6266BA1A9944CC00882D81 /* SkylineViewController.m */ = {isa = PBXFileReference; fileEncoding = 4; lastKnownFileType = sourcecode.c.objc; path = SkylineViewController.m; sourceTree = "<group>"; };
		1D6266BC1A99452B00882D81 /* NetworkController.h */ = {isa = PBXFileReference; fileEncoding = 4; lastKnownFileType = sourcecode.c.h; path = NetworkController.h; sourceTree = "<group>"; };
		1D6266BD1A99452B00882D81 /* NetworkController.m */ = {isa = PBXFileReference; fileEncoding = 4; lastKnownFileType = sourcecode.c.objc; path = NetworkController.m; sourceTree = "<group>"; };
		1D6266C01A99523500882D81 /* MapKit.framework */ = {isa = PBXFileReference; lastKnownFileType = wrapper.framework; name = MapKit.framework; path = System/Library/Frameworks/MapKit.framework; sourceTree = SDKROOT; };
		1D6266C51A9AEA4100882D81 /* MenuViewController.h */ = {isa = PBXFileReference; fileEncoding = 4; lastKnownFileType = sourcecode.c.h; path = MenuViewController.h; sourceTree = "<group>"; };
		1D6266C61A9AEA4100882D81 /* MenuViewController.m */ = {isa = PBXFileReference; fileEncoding = 4; lastKnownFileType = sourcecode.c.objc; path = MenuViewController.m; sourceTree = "<group>"; };
		740A93131A9A94E200ACBA12 /* Building.h */ = {isa = PBXFileReference; fileEncoding = 4; lastKnownFileType = sourcecode.c.h; path = Building.h; sourceTree = "<group>"; };
		740A93141A9A94E200ACBA12 /* Building.m */ = {isa = PBXFileReference; fileEncoding = 4; lastKnownFileType = sourcecode.c.objc; path = Building.m; sourceTree = "<group>"; };
		745CDA531A9BBB62000846EA /* singleBuildingData.json */ = {isa = PBXFileReference; fileEncoding = 4; lastKnownFileType = text.json; path = singleBuildingData.json; sourceTree = "<group>"; };
		745CDA561A9BE11E000846EA /* singleBuildingData.dictionary */ = {isa = PBXFileReference; fileEncoding = 4; lastKnownFileType = text; path = singleBuildingData.dictionary; sourceTree = "<group>"; };
		745CDA591A9C2C3D000846EA /* simple.json */ = {isa = PBXFileReference; fileEncoding = 4; lastKnownFileType = text.json; path = simple.json; sourceTree = "<group>"; };
		745CDA5C1A9C313D000846EA /* simpleBuilding.json */ = {isa = PBXFileReference; fileEncoding = 4; lastKnownFileType = text.json; path = simpleBuilding.json; sourceTree = "<group>"; };
		745CDA5F1A9CE60A000846EA /* simple01.json */ = {isa = PBXFileReference; fileEncoding = 4; lastKnownFileType = text.json; path = simple01.json; sourceTree = "<group>"; };
		1D6266C81A9BAC3E00882D81 /* InfoViewController.h */ = {isa = PBXFileReference; fileEncoding = 4; lastKnownFileType = sourcecode.c.h; path = InfoViewController.h; sourceTree = "<group>"; };
		1D6266C91A9BAC3E00882D81 /* InfoViewController.m */ = {isa = PBXFileReference; fileEncoding = 4; lastKnownFileType = sourcecode.c.objc; path = InfoViewController.m; sourceTree = "<group>"; };
/* End PBXFileReference section */

/* Begin PBXFrameworksBuildPhase section */
		1D62667F1A99418700882D81 /* Frameworks */ = {
			isa = PBXFrameworksBuildPhase;
			buildActionMask = 2147483647;
			files = (
				1D6266C11A99523500882D81 /* MapKit.framework in Frameworks */,
			);
			runOnlyForDeploymentPostprocessing = 0;
		};
		1D62669B1A99418700882D81 /* Frameworks */ = {
			isa = PBXFrameworksBuildPhase;
			buildActionMask = 2147483647;
			files = (
			);
			runOnlyForDeploymentPostprocessing = 0;
		};
/* End PBXFrameworksBuildPhase section */

/* Begin PBXGroup section */
		1D6266791A99418700882D81 = {
			isa = PBXGroup;
			children = (
				1D6266C01A99523500882D81 /* MapKit.framework */,
				1D6266AE1A99419400882D81 /* .gitignore */,
				1D6266841A99418700882D81 /* NowAndThen */,
				1D6266A11A99418700882D81 /* NowAndThenTests */,
				1D6266831A99418700882D81 /* Products */,
			);
			sourceTree = "<group>";
		};
		1D6266831A99418700882D81 /* Products */ = {
			isa = PBXGroup;
			children = (
				1D6266821A99418700882D81 /* NowAndThen.app */,
				1D62669E1A99418700882D81 /* NowAndThenTests.xctest */,
			);
			name = Products;
			sourceTree = "<group>";
		};
		1D6266841A99418700882D81 /* NowAndThen */ = {
			isa = PBXGroup;
			children = (
				1D6266891A99418700882D81 /* AppDelegate.h */,
				1D62668A1A99418700882D81 /* AppDelegate.m */,
				1D6266B01A9943CE00882D81 /* Models */,
				1D6266B11A9943DE00882D81 /* Views */,
				1D6266B21A9943F200882D81 /* Controllers */,
				1D6266851A99418700882D81 /* Supporting Files */,
			);
			path = NowAndThen;
			sourceTree = "<group>";
		};
		1D6266851A99418700882D81 /* Supporting Files */ = {
			isa = PBXGroup;
			children = (
				745CDA531A9BBB62000846EA /* singleBuildingData.json */,
				745CDA561A9BE11E000846EA /* singleBuildingData.dictionary */,
				1D6266861A99418700882D81 /* Info.plist */,
				1D6266871A99418700882D81 /* main.m */,
				745CDA591A9C2C3D000846EA /* simple.json */,
				745CDA5C1A9C313D000846EA /* simpleBuilding.json */,
				745CDA5F1A9CE60A000846EA /* simple01.json */,
			);
			name = "Supporting Files";
			sourceTree = "<group>";
		};
		1D6266A11A99418700882D81 /* NowAndThenTests */ = {
			isa = PBXGroup;
			children = (
				1D6266A41A99418700882D81 /* NowAndThenTests.m */,
				1D6266A21A99418700882D81 /* Supporting Files */,
			);
			path = NowAndThenTests;
			sourceTree = "<group>";
		};
		1D6266A21A99418700882D81 /* Supporting Files */ = {
			isa = PBXGroup;
			children = (
				1D6266A31A99418700882D81 /* Info.plist */,
			);
			name = "Supporting Files";
			sourceTree = "<group>";
		};
		1D6266B01A9943CE00882D81 /* Models */ = {
			isa = PBXGroup;
			children = (
				740A93131A9A94E200ACBA12 /* Building.h */,
				740A93141A9A94E200ACBA12 /* Building.m */,
				1D62668C1A99418700882D81 /* NowAndThen.xcdatamodeld */,
			);
			name = Models;
			sourceTree = "<group>";
		};
		1D6266B11A9943DE00882D81 /* Views */ = {
			isa = PBXGroup;
			children = (
				1D6266971A99418700882D81 /* LaunchScreen.xib */,
				1D6266951A99418700882D81 /* Images.xcassets */,
				1D6266921A99418700882D81 /* Main.storyboard */,
			);
			name = Views;
			sourceTree = "<group>";
		};
		1D6266B21A9943F200882D81 /* Controllers */ = {
			isa = PBXGroup;
			children = (
				1D6266C51A9AEA4100882D81 /* MenuViewController.h */,
				1D6266C61A9AEA4100882D81 /* MenuViewController.m */,
				1D6266B31A9944A400882D81 /* BuildingViewController.h */,
				1D6266B41A9944A400882D81 /* BuildingViewController.m */,
				1D6266B61A9944B900882D81 /* MapViewController.h */,
				1D6266B71A9944B900882D81 /* MapViewController.m */,
				1D6266B91A9944CC00882D81 /* SkylineViewController.h */,
				1D6266BA1A9944CC00882D81 /* SkylineViewController.m */,
				1D6266BC1A99452B00882D81 /* NetworkController.h */,
				1D6266BD1A99452B00882D81 /* NetworkController.m */,
				1D6266C81A9BAC3E00882D81 /* InfoViewController.h */,
				1D6266C91A9BAC3E00882D81 /* InfoViewController.m */,
			);
			name = Controllers;
			sourceTree = "<group>";
		};
/* End PBXGroup section */

/* Begin PBXNativeTarget section */
		1D6266811A99418700882D81 /* NowAndThen */ = {
			isa = PBXNativeTarget;
			buildConfigurationList = 1D6266A81A99418700882D81 /* Build configuration list for PBXNativeTarget "NowAndThen" */;
			buildPhases = (
				1D62667E1A99418700882D81 /* Sources */,
				1D62667F1A99418700882D81 /* Frameworks */,
				1D6266801A99418700882D81 /* Resources */,
			);
			buildRules = (
			);
			dependencies = (
			);
			name = NowAndThen;
			productName = NowAndThen;
			productReference = 1D6266821A99418700882D81 /* NowAndThen.app */;
			productType = "com.apple.product-type.application";
		};
		1D62669D1A99418700882D81 /* NowAndThenTests */ = {
			isa = PBXNativeTarget;
			buildConfigurationList = 1D6266AB1A99418700882D81 /* Build configuration list for PBXNativeTarget "NowAndThenTests" */;
			buildPhases = (
				1D62669A1A99418700882D81 /* Sources */,
				1D62669B1A99418700882D81 /* Frameworks */,
				1D62669C1A99418700882D81 /* Resources */,
			);
			buildRules = (
			);
			dependencies = (
				1D6266A01A99418700882D81 /* PBXTargetDependency */,
			);
			name = NowAndThenTests;
			productName = NowAndThenTests;
			productReference = 1D62669E1A99418700882D81 /* NowAndThenTests.xctest */;
			productType = "com.apple.product-type.bundle.unit-test";
		};
/* End PBXNativeTarget section */

/* Begin PBXProject section */
		1D62667A1A99418700882D81 /* Project object */ = {
			isa = PBXProject;
			attributes = {
				LastUpgradeCheck = 0610;
				ORGANIZATIONNAME = "Pho Diep";
				TargetAttributes = {
					1D6266811A99418700882D81 = {
						CreatedOnToolsVersion = 6.1.1;
						SystemCapabilities = {
							com.apple.Maps.iOS = {
								enabled = 1;
							};
						};
					};
					1D62669D1A99418700882D81 = {
						CreatedOnToolsVersion = 6.1.1;
						TestTargetID = 1D6266811A99418700882D81;
					};
				};
			};
			buildConfigurationList = 1D62667D1A99418700882D81 /* Build configuration list for PBXProject "NowAndThen" */;
			compatibilityVersion = "Xcode 3.2";
			developmentRegion = English;
			hasScannedForEncodings = 0;
			knownRegions = (
				en,
				Base,
			);
			mainGroup = 1D6266791A99418700882D81;
			productRefGroup = 1D6266831A99418700882D81 /* Products */;
			projectDirPath = "";
			projectRoot = "";
			targets = (
				1D6266811A99418700882D81 /* NowAndThen */,
				1D62669D1A99418700882D81 /* NowAndThenTests */,
			);
		};
/* End PBXProject section */

/* Begin PBXResourcesBuildPhase section */
		1D6266801A99418700882D81 /* Resources */ = {
			isa = PBXResourcesBuildPhase;
			buildActionMask = 2147483647;
			files = (
				745CDA601A9CE60A000846EA /* simple01.json in Resources */,
				1D6266AF1A99419400882D81 /* .gitignore in Resources */,
				1D6266941A99418700882D81 /* Main.storyboard in Resources */,
				1D6266991A99418700882D81 /* LaunchScreen.xib in Resources */,
				1D6266961A99418700882D81 /* Images.xcassets in Resources */,
				745CDA5D1A9C313D000846EA /* simpleBuilding.json in Resources */,
				745CDA571A9BE11E000846EA /* singleBuildingData.dictionary in Resources */,
				745CDA5A1A9C2C3E000846EA /* simple.json in Resources */,
			);
			runOnlyForDeploymentPostprocessing = 0;
		};
		1D62669C1A99418700882D81 /* Resources */ = {
			isa = PBXResourcesBuildPhase;
			buildActionMask = 2147483647;
			files = (
			);
			runOnlyForDeploymentPostprocessing = 0;
		};
/* End PBXResourcesBuildPhase section */

/* Begin PBXSourcesBuildPhase section */
		1D62667E1A99418700882D81 /* Sources */ = {
			isa = PBXSourcesBuildPhase;
			buildActionMask = 2147483647;
			files = (
				1D6266B51A9944A400882D81 /* BuildingViewController.m in Sources */,
				1D62668B1A99418700882D81 /* AppDelegate.m in Sources */,
				1D6266CA1A9BAC3E00882D81 /* InfoViewController.m in Sources */,
				1D6266B81A9944B900882D81 /* MapViewController.m in Sources */,
				745CDA541A9BBB62000846EA /* singleBuildingData.json in Sources */,
				740A93151A9A94E200ACBA12 /* Building.m in Sources */,
				1D6266C71A9AEA4100882D81 /* MenuViewController.m in Sources */,
				1D62668E1A99418700882D81 /* NowAndThen.xcdatamodeld in Sources */,
				1D6266BE1A99452B00882D81 /* NetworkController.m in Sources */,
				1D6266BB1A9944CC00882D81 /* SkylineViewController.m in Sources */,
				1D6266881A99418700882D81 /* main.m in Sources */,
			);
			runOnlyForDeploymentPostprocessing = 0;
		};
		1D62669A1A99418700882D81 /* Sources */ = {
			isa = PBXSourcesBuildPhase;
			buildActionMask = 2147483647;
			files = (
				1D6266A51A99418700882D81 /* NowAndThenTests.m in Sources */,
			);
			runOnlyForDeploymentPostprocessing = 0;
		};
/* End PBXSourcesBuildPhase section */

/* Begin PBXTargetDependency section */
		1D6266A01A99418700882D81 /* PBXTargetDependency */ = {
			isa = PBXTargetDependency;
			target = 1D6266811A99418700882D81 /* NowAndThen */;
			targetProxy = 1D62669F1A99418700882D81 /* PBXContainerItemProxy */;
		};
/* End PBXTargetDependency section */

/* Begin PBXVariantGroup section */
		1D6266921A99418700882D81 /* Main.storyboard */ = {
			isa = PBXVariantGroup;
			children = (
				1D6266931A99418700882D81 /* Base */,
			);
			name = Main.storyboard;
			sourceTree = "<group>";
		};
		1D6266971A99418700882D81 /* LaunchScreen.xib */ = {
			isa = PBXVariantGroup;
			children = (
				1D6266981A99418700882D81 /* Base */,
			);
			name = LaunchScreen.xib;
			sourceTree = "<group>";
		};
/* End PBXVariantGroup section */

/* Begin XCBuildConfiguration section */
		1D6266A61A99418700882D81 /* Debug */ = {
			isa = XCBuildConfiguration;
			buildSettings = {
				ALWAYS_SEARCH_USER_PATHS = NO;
				CLANG_CXX_LANGUAGE_STANDARD = "gnu++0x";
				CLANG_CXX_LIBRARY = "libc++";
				CLANG_ENABLE_MODULES = YES;
				CLANG_ENABLE_OBJC_ARC = YES;
				CLANG_WARN_BOOL_CONVERSION = YES;
				CLANG_WARN_CONSTANT_CONVERSION = YES;
				CLANG_WARN_DIRECT_OBJC_ISA_USAGE = YES_ERROR;
				CLANG_WARN_EMPTY_BODY = YES;
				CLANG_WARN_ENUM_CONVERSION = YES;
				CLANG_WARN_INT_CONVERSION = YES;
				CLANG_WARN_OBJC_ROOT_CLASS = YES_ERROR;
				CLANG_WARN_UNREACHABLE_CODE = YES;
				CLANG_WARN__DUPLICATE_METHOD_MATCH = YES;
				"CODE_SIGN_IDENTITY[sdk=iphoneos*]" = "iPhone Developer";
				COPY_PHASE_STRIP = NO;
				ENABLE_STRICT_OBJC_MSGSEND = YES;
				GCC_C_LANGUAGE_STANDARD = gnu99;
				GCC_DYNAMIC_NO_PIC = NO;
				GCC_OPTIMIZATION_LEVEL = 0;
				GCC_PREPROCESSOR_DEFINITIONS = (
					"DEBUG=1",
					"$(inherited)",
				);
				GCC_SYMBOLS_PRIVATE_EXTERN = NO;
				GCC_WARN_64_TO_32_BIT_CONVERSION = YES;
				GCC_WARN_ABOUT_RETURN_TYPE = YES_ERROR;
				GCC_WARN_UNDECLARED_SELECTOR = YES;
				GCC_WARN_UNINITIALIZED_AUTOS = YES_AGGRESSIVE;
				GCC_WARN_UNUSED_FUNCTION = YES;
				GCC_WARN_UNUSED_VARIABLE = YES;
				IPHONEOS_DEPLOYMENT_TARGET = 8.1;
				MTL_ENABLE_DEBUG_INFO = YES;
				ONLY_ACTIVE_ARCH = YES;
				SDKROOT = iphoneos;
				TARGETED_DEVICE_FAMILY = "1,2";
			};
			name = Debug;
		};
		1D6266A71A99418700882D81 /* Release */ = {
			isa = XCBuildConfiguration;
			buildSettings = {
				ALWAYS_SEARCH_USER_PATHS = NO;
				CLANG_CXX_LANGUAGE_STANDARD = "gnu++0x";
				CLANG_CXX_LIBRARY = "libc++";
				CLANG_ENABLE_MODULES = YES;
				CLANG_ENABLE_OBJC_ARC = YES;
				CLANG_WARN_BOOL_CONVERSION = YES;
				CLANG_WARN_CONSTANT_CONVERSION = YES;
				CLANG_WARN_DIRECT_OBJC_ISA_USAGE = YES_ERROR;
				CLANG_WARN_EMPTY_BODY = YES;
				CLANG_WARN_ENUM_CONVERSION = YES;
				CLANG_WARN_INT_CONVERSION = YES;
				CLANG_WARN_OBJC_ROOT_CLASS = YES_ERROR;
				CLANG_WARN_UNREACHABLE_CODE = YES;
				CLANG_WARN__DUPLICATE_METHOD_MATCH = YES;
				"CODE_SIGN_IDENTITY[sdk=iphoneos*]" = "iPhone Developer";
				COPY_PHASE_STRIP = YES;
				ENABLE_NS_ASSERTIONS = NO;
				ENABLE_STRICT_OBJC_MSGSEND = YES;
				GCC_C_LANGUAGE_STANDARD = gnu99;
				GCC_WARN_64_TO_32_BIT_CONVERSION = YES;
				GCC_WARN_ABOUT_RETURN_TYPE = YES_ERROR;
				GCC_WARN_UNDECLARED_SELECTOR = YES;
				GCC_WARN_UNINITIALIZED_AUTOS = YES_AGGRESSIVE;
				GCC_WARN_UNUSED_FUNCTION = YES;
				GCC_WARN_UNUSED_VARIABLE = YES;
				IPHONEOS_DEPLOYMENT_TARGET = 8.1;
				MTL_ENABLE_DEBUG_INFO = NO;
				SDKROOT = iphoneos;
				TARGETED_DEVICE_FAMILY = "1,2";
				VALIDATE_PRODUCT = YES;
			};
			name = Release;
		};
		1D6266A91A99418700882D81 /* Debug */ = {
			isa = XCBuildConfiguration;
			buildSettings = {
				ASSETCATALOG_COMPILER_APPICON_NAME = AppIcon;
				INFOPLIST_FILE = NowAndThen/Info.plist;
				LD_RUNPATH_SEARCH_PATHS = "$(inherited) @executable_path/Frameworks";
				PRODUCT_NAME = "$(TARGET_NAME)";
			};
			name = Debug;
		};
		1D6266AA1A99418700882D81 /* Release */ = {
			isa = XCBuildConfiguration;
			buildSettings = {
				ASSETCATALOG_COMPILER_APPICON_NAME = AppIcon;
				INFOPLIST_FILE = NowAndThen/Info.plist;
				LD_RUNPATH_SEARCH_PATHS = "$(inherited) @executable_path/Frameworks";
				PRODUCT_NAME = "$(TARGET_NAME)";
			};
			name = Release;
		};
		1D6266AC1A99418700882D81 /* Debug */ = {
			isa = XCBuildConfiguration;
			buildSettings = {
				BUNDLE_LOADER = "$(TEST_HOST)";
				FRAMEWORK_SEARCH_PATHS = (
					"$(SDKROOT)/Developer/Library/Frameworks",
					"$(inherited)",
				);
				GCC_PREPROCESSOR_DEFINITIONS = (
					"DEBUG=1",
					"$(inherited)",
				);
				INFOPLIST_FILE = NowAndThenTests/Info.plist;
				LD_RUNPATH_SEARCH_PATHS = "$(inherited) @executable_path/Frameworks @loader_path/Frameworks";
				PRODUCT_NAME = "$(TARGET_NAME)";
				TEST_HOST = "$(BUILT_PRODUCTS_DIR)/NowAndThen.app/NowAndThen";
			};
			name = Debug;
		};
		1D6266AD1A99418700882D81 /* Release */ = {
			isa = XCBuildConfiguration;
			buildSettings = {
				BUNDLE_LOADER = "$(TEST_HOST)";
				FRAMEWORK_SEARCH_PATHS = (
					"$(SDKROOT)/Developer/Library/Frameworks",
					"$(inherited)",
				);
				INFOPLIST_FILE = NowAndThenTests/Info.plist;
				LD_RUNPATH_SEARCH_PATHS = "$(inherited) @executable_path/Frameworks @loader_path/Frameworks";
				PRODUCT_NAME = "$(TARGET_NAME)";
				TEST_HOST = "$(BUILT_PRODUCTS_DIR)/NowAndThen.app/NowAndThen";
			};
			name = Release;
		};
/* End XCBuildConfiguration section */

/* Begin XCConfigurationList section */
		1D62667D1A99418700882D81 /* Build configuration list for PBXProject "NowAndThen" */ = {
			isa = XCConfigurationList;
			buildConfigurations = (
				1D6266A61A99418700882D81 /* Debug */,
				1D6266A71A99418700882D81 /* Release */,
			);
			defaultConfigurationIsVisible = 0;
			defaultConfigurationName = Release;
		};
		1D6266A81A99418700882D81 /* Build configuration list for PBXNativeTarget "NowAndThen" */ = {
			isa = XCConfigurationList;
			buildConfigurations = (
				1D6266A91A99418700882D81 /* Debug */,
				1D6266AA1A99418700882D81 /* Release */,
			);
			defaultConfigurationIsVisible = 0;
			defaultConfigurationName = Release;
		};
		1D6266AB1A99418700882D81 /* Build configuration list for PBXNativeTarget "NowAndThenTests" */ = {
			isa = XCConfigurationList;
			buildConfigurations = (
				1D6266AC1A99418700882D81 /* Debug */,
				1D6266AD1A99418700882D81 /* Release */,
			);
			defaultConfigurationIsVisible = 0;
			defaultConfigurationName = Release;
		};
/* End XCConfigurationList section */

/* Begin XCVersionGroup section */
		1D62668C1A99418700882D81 /* NowAndThen.xcdatamodeld */ = {
			isa = XCVersionGroup;
			children = (
				1D62668D1A99418700882D81 /* NowAndThen.xcdatamodel */,
			);
			currentVersion = 1D62668D1A99418700882D81 /* NowAndThen.xcdatamodel */;
			path = NowAndThen.xcdatamodeld;
			sourceTree = "<group>";
			versionGroupType = wrapper.xcdatamodel;
		};
/* End XCVersionGroup section */
	};
	rootObject = 1D62667A1A99418700882D81 /* Project object */;
}
